
Microsoft Visual Studio Solution File, Format Version 12.00
# Visual Studio Version 16
VisualStudioVersion = 16.0.30523.141
MinimumVisualStudioVersion = 10.0.40219.1
Project("{FAE04EC0-301F-11D3-BF4B-00C04F79EFBC}") = "Uppgift 1", "Uppgift 1\Uppgift 1.csproj", "{A7E266F4-C4AC-4A9C-BD25-C7AE0E652BFB}"
EndProject
Global
	GlobalSection(SolutionConfigurationPlatforms) = preSolution
		Debug|Any CPU = Debug|Any CPU
		Release|Any CPU = Release|Any CPU
	EndGlobalSection
	GlobalSection(ProjectConfigurationPlatforms) = postSolution
		{A7E266F4-C4AC-4A9C-BD25-C7AE0E652BFB}.Debug|Any CPU.ActiveCfg = Debug|Any CPU
		{A7E266F4-C4AC-4A9C-BD25-C7AE0E652BFB}.Debug|Any CPU.Build.0 = Debug|Any CPU
		{A7E266F4-C4AC-4A9C-BD25-C7AE0E652BFB}.Release|Any CPU.ActiveCfg = Release|Any CPU
		{A7E266F4-C4AC-4A9C-BD25-C7AE0E652BFB}.Release|Any CPU.Build.0 = Release|Any CPU
	EndGlobalSection
	GlobalSection(SolutionProperties) = preSolution
		HideSolutionNode = FALSE
	EndGlobalSection
	GlobalSection(ExtensibilityGlobals) = postSolution
		SolutionGuid = {E488DE91-6A22-4C74-9FC4-8CBAFAD73256}
	EndGlobalSection
EndGlobal
