
Microsoft Visual Studio Solution File, Format Version 12.00
# Visual Studio Version 16
VisualStudioVersion = 16.0.30523.141
MinimumVisualStudioVersion = 10.0.40219.1
Project("{FAE04EC0-301F-11D3-BF4B-00C04F79EFBC}") = "Uppgift11", "Uppgift11\Uppgift11.csproj", "{CE493D6F-DD90-495F-ABCC-41338D10CEB7}"
EndProject
Global
	GlobalSection(SolutionConfigurationPlatforms) = preSolution
		Debug|Any CPU = Debug|Any CPU
		Release|Any CPU = Release|Any CPU
	EndGlobalSection
	GlobalSection(ProjectConfigurationPlatforms) = postSolution
		{CE493D6F-DD90-495F-ABCC-41338D10CEB7}.Debug|Any CPU.ActiveCfg = Debug|Any CPU
		{CE493D6F-DD90-495F-ABCC-41338D10CEB7}.Debug|Any CPU.Build.0 = Debug|Any CPU
		{CE493D6F-DD90-495F-ABCC-41338D10CEB7}.Release|Any CPU.ActiveCfg = Release|Any CPU
		{CE493D6F-DD90-495F-ABCC-41338D10CEB7}.Release|Any CPU.Build.0 = Release|Any CPU
	EndGlobalSection
	GlobalSection(SolutionProperties) = preSolution
		HideSolutionNode = FALSE
	EndGlobalSection
	GlobalSection(ExtensibilityGlobals) = postSolution
		SolutionGuid = {58B23C8E-D4CD-4995-A7B9-A24EFCC6A98F}
	EndGlobalSection
EndGlobal
