
Microsoft Visual Studio Solution File, Format Version 12.00
# Visual Studio Version 16
VisualStudioVersion = 16.0.30523.141
MinimumVisualStudioVersion = 10.0.40219.1
Project("{FAE04EC0-301F-11D3-BF4B-00C04F79EFBC}") = "Uppgift3", "Uppgift3\Uppgift3.csproj", "{302BBE7C-4EC7-42A0-A469-614F0940C8A3}"
EndProject
Global
	GlobalSection(SolutionConfigurationPlatforms) = preSolution
		Debug|Any CPU = Debug|Any CPU
		Release|Any CPU = Release|Any CPU
	EndGlobalSection
	GlobalSection(ProjectConfigurationPlatforms) = postSolution
		{302BBE7C-4EC7-42A0-A469-614F0940C8A3}.Debug|Any CPU.ActiveCfg = Debug|Any CPU
		{302BBE7C-4EC7-42A0-A469-614F0940C8A3}.Debug|Any CPU.Build.0 = Debug|Any CPU
		{302BBE7C-4EC7-42A0-A469-614F0940C8A3}.Release|Any CPU.ActiveCfg = Release|Any CPU
		{302BBE7C-4EC7-42A0-A469-614F0940C8A3}.Release|Any CPU.Build.0 = Release|Any CPU
	EndGlobalSection
	GlobalSection(SolutionProperties) = preSolution
		HideSolutionNode = FALSE
	EndGlobalSection
	GlobalSection(ExtensibilityGlobals) = postSolution
		SolutionGuid = {55BFAE59-65B0-4269-980F-D12C8B5D45EA}
	EndGlobalSection
EndGlobal
